// !$*UTF8*$!
{
	archiveVersion = 1;
	classes = {
	};
	objectVersion = 46;
	objects = {

/* Begin PBXBuildFile section */
		69951740181B27E5004108FB /* XYZAddNewEventViewController.m in Sources */ = {isa = PBXBuildFile; fileRef = 6995173F181B27E5004108FB /* XYZAddNewEventViewController.m */; };
		69951743181B28CA004108FB /* XYZAllEventsViewController.m in Sources */ = {isa = PBXBuildFile; fileRef = 69951742181B28CA004108FB /* XYZAllEventsViewController.m */; };
		69951746181B2B3D004108FB /* XYZEventItem.m in Sources */ = {isa = PBXBuildFile; fileRef = 69951745181B2B3D004108FB /* XYZEventItem.m */; };
		69E3EBA2181B1FEA0059FF20 /* Foundation.framework in Frameworks */ = {isa = PBXBuildFile; fileRef = 69E3EBA1181B1FEA0059FF20 /* Foundation.framework */; };
		69E3EBA4181B1FEA0059FF20 /* CoreGraphics.framework in Frameworks */ = {isa = PBXBuildFile; fileRef = 69E3EBA3181B1FEA0059FF20 /* CoreGraphics.framework */; };
		69E3EBA6181B1FEA0059FF20 /* UIKit.framework in Frameworks */ = {isa = PBXBuildFile; fileRef = 69E3EBA5181B1FEA0059FF20 /* UIKit.framework */; };
		69E3EBA8181B1FEA0059FF20 /* CoreData.framework in Frameworks */ = {isa = PBXBuildFile; fileRef = 69E3EBA7181B1FEA0059FF20 /* CoreData.framework */; };
		69E3EBAE181B1FEA0059FF20 /* InfoPlist.strings in Resources */ = {isa = PBXBuildFile; fileRef = 69E3EBAC181B1FEA0059FF20 /* InfoPlist.strings */; };
		69E3EBB0181B1FEA0059FF20 /* main.m in Sources */ = {isa = PBXBuildFile; fileRef = 69E3EBAF181B1FEA0059FF20 /* main.m */; };
		69E3EBB4181B1FEA0059FF20 /* XYZAppDelegate.m in Sources */ = {isa = PBXBuildFile; fileRef = 69E3EBB3181B1FEA0059FF20 /* XYZAppDelegate.m */; };
		69E3EBB7181B1FEA0059FF20 /* MomentNotice.xcdatamodeld in Sources */ = {isa = PBXBuildFile; fileRef = 69E3EBB5181B1FEA0059FF20 /* MomentNotice.xcdatamodeld */; };
		69E3EBB9181B1FEA0059FF20 /* Images.xcassets in Resources */ = {isa = PBXBuildFile; fileRef = 69E3EBB8181B1FEA0059FF20 /* Images.xcassets */; };
		69E3EBC0181B1FEA0059FF20 /* XCTest.framework in Frameworks */ = {isa = PBXBuildFile; fileRef = 69E3EBBF181B1FEA0059FF20 /* XCTest.framework */; };
		69E3EBC1181B1FEA0059FF20 /* Foundation.framework in Frameworks */ = {isa = PBXBuildFile; fileRef = 69E3EBA1181B1FEA0059FF20 /* Foundation.framework */; };
		69E3EBC2181B1FEA0059FF20 /* UIKit.framework in Frameworks */ = {isa = PBXBuildFile; fileRef = 69E3EBA5181B1FEA0059FF20 /* UIKit.framework */; };
		69E3EBC3181B1FEA0059FF20 /* CoreData.framework in Frameworks */ = {isa = PBXBuildFile; fileRef = 69E3EBA7181B1FEA0059FF20 /* CoreData.framework */; };
		69E3EBCB181B1FEA0059FF20 /* InfoPlist.strings in Resources */ = {isa = PBXBuildFile; fileRef = 69E3EBC9181B1FEA0059FF20 /* InfoPlist.strings */; };
		69E3EBCD181B1FEA0059FF20 /* MomentNoticeTests.m in Sources */ = {isa = PBXBuildFile; fileRef = 69E3EBCC181B1FEA0059FF20 /* MomentNoticeTests.m */; };
		69E3EBD7181B203E0059FF20 /* main.storyboard in Resources */ = {isa = PBXBuildFile; fileRef = 69E3EBD6181B203E0059FF20 /* main.storyboard */; };
/* End PBXBuildFile section */

/* Begin PBXContainerItemProxy section */
		69E3EBC4181B1FEA0059FF20 /* PBXContainerItemProxy */ = {
			isa = PBXContainerItemProxy;
			containerPortal = 69E3EB96181B1FEA0059FF20 /* Project object */;
			proxyType = 1;
			remoteGlobalIDString = 69E3EB9D181B1FEA0059FF20;
			remoteInfo = MomentNotice;
		};
/* End PBXContainerItemProxy section */

/* Begin PBXFileReference section */
		6995173E181B27E5004108FB /* XYZAddNewEventViewController.h */ = {isa = PBXFileReference; fileEncoding = 4; lastKnownFileType = sourcecode.c.h; path = XYZAddNewEventViewController.h; sourceTree = "<group>"; };
		6995173F181B27E5004108FB /* XYZAddNewEventViewController.m */ = {isa = PBXFileReference; fileEncoding = 4; lastKnownFileType = sourcecode.c.objc; path = XYZAddNewEventViewController.m; sourceTree = "<group>"; };
		69951741181B28CA004108FB /* XYZAllEventsViewController.h */ = {isa = PBXFileReference; fileEncoding = 4; lastKnownFileType = sourcecode.c.h; path = XYZAllEventsViewController.h; sourceTree = "<group>"; };
		69951742181B28CA004108FB /* XYZAllEventsViewController.m */ = {isa = PBXFileReference; fileEncoding = 4; lastKnownFileType = sourcecode.c.objc; path = XYZAllEventsViewController.m; sourceTree = "<group>"; };
		69951744181B2B3D004108FB /* XYZEventItem.h */ = {isa = PBXFileReference; fileEncoding = 4; lastKnownFileType = sourcecode.c.h; path = XYZEventItem.h; sourceTree = "<group>"; };
		69951745181B2B3D004108FB /* XYZEventItem.m */ = {isa = PBXFileReference; fileEncoding = 4; lastKnownFileType = sourcecode.c.objc; path = XYZEventItem.m; sourceTree = "<group>"; };
		69E3EB9E181B1FEA0059FF20 /* MomentNotice.app */ = {isa = PBXFileReference; explicitFileType = wrapper.application; includeInIndex = 0; path = MomentNotice.app; sourceTree = BUILT_PRODUCTS_DIR; };
		69E3EBA1181B1FEA0059FF20 /* Foundation.framework */ = {isa = PBXFileReference; lastKnownFileType = wrapper.framework; name = Foundation.framework; path = System/Library/Frameworks/Foundation.framework; sourceTree = SDKROOT; };
		69E3EBA3181B1FEA0059FF20 /* CoreGraphics.framework */ = {isa = PBXFileReference; lastKnownFileType = wrapper.framework; name = CoreGraphics.framework; path = System/Library/Frameworks/CoreGraphics.framework; sourceTree = SDKROOT; };
		69E3EBA5181B1FEA0059FF20 /* UIKit.framework */ = {isa = PBXFileReference; lastKnownFileType = wrapper.framework; name = UIKit.framework; path = System/Library/Frameworks/UIKit.framework; sourceTree = SDKROOT; };
		69E3EBA7181B1FEA0059FF20 /* CoreData.framework */ = {isa = PBXFileReference; lastKnownFileType = wrapper.framework; name = CoreData.framework; path = System/Library/Frameworks/CoreData.framework; sourceTree = SDKROOT; };
		69E3EBAB181B1FEA0059FF20 /* MomentNotice-Info.plist */ = {isa = PBXFileReference; lastKnownFileType = text.plist.xml; path = "MomentNotice-Info.plist"; sourceTree = "<group>"; };
		69E3EBAD181B1FEA0059FF20 /* en */ = {isa = PBXFileReference; lastKnownFileType = text.plist.strings; name = en; path = en.lproj/InfoPlist.strings; sourceTree = "<group>"; };
		69E3EBAF181B1FEA0059FF20 /* main.m */ = {isa = PBXFileReference; lastKnownFileType = sourcecode.c.objc; path = main.m; sourceTree = "<group>"; };
		69E3EBB1181B1FEA0059FF20 /* MomentNotice-Prefix.pch */ = {isa = PBXFileReference; lastKnownFileType = sourcecode.c.h; path = "MomentNotice-Prefix.pch"; sourceTree = "<group>"; };
		69E3EBB2181B1FEA0059FF20 /* XYZAppDelegate.h */ = {isa = PBXFileReference; lastKnownFileType = sourcecode.c.h; path = XYZAppDelegate.h; sourceTree = "<group>"; };
		69E3EBB3181B1FEA0059FF20 /* XYZAppDelegate.m */ = {isa = PBXFileReference; lastKnownFileType = sourcecode.c.objc; path = XYZAppDelegate.m; sourceTree = "<group>"; };
		69E3EBB6181B1FEA0059FF20 /* MomentNotice.xcdatamodel */ = {isa = PBXFileReference; lastKnownFileType = wrapper.xcdatamodel; path = MomentNotice.xcdatamodel; sourceTree = "<group>"; };
		69E3EBB8181B1FEA0059FF20 /* Images.xcassets */ = {isa = PBXFileReference; lastKnownFileType = folder.assetcatalog; path = Images.xcassets; sourceTree = "<group>"; };
		69E3EBBE181B1FEA0059FF20 /* MomentNoticeTests.xctest */ = {isa = PBXFileReference; explicitFileType = wrapper.cfbundle; includeInIndex = 0; path = MomentNoticeTests.xctest; sourceTree = BUILT_PRODUCTS_DIR; };
		69E3EBBF181B1FEA0059FF20 /* XCTest.framework */ = {isa = PBXFileReference; lastKnownFileType = wrapper.framework; name = XCTest.framework; path = Library/Frameworks/XCTest.framework; sourceTree = DEVELOPER_DIR; };
		69E3EBC8181B1FEA0059FF20 /* MomentNoticeTests-Info.plist */ = {isa = PBXFileReference; lastKnownFileType = text.plist.xml; path = "MomentNoticeTests-Info.plist"; sourceTree = "<group>"; };
		69E3EBCA181B1FEA0059FF20 /* en */ = {isa = PBXFileReference; lastKnownFileType = text.plist.strings; name = en; path = en.lproj/InfoPlist.strings; sourceTree = "<group>"; };
		69E3EBCC181B1FEA0059FF20 /* MomentNoticeTests.m */ = {isa = PBXFileReference; lastKnownFileType = sourcecode.c.objc; path = MomentNoticeTests.m; sourceTree = "<group>"; };
		69E3EBD6181B203E0059FF20 /* main.storyboard */ = {isa = PBXFileReference; fileEncoding = 4; lastKnownFileType = file.storyboard; path = main.storyboard; sourceTree = "<group>"; };
/* End PBXFileReference section */

/* Begin PBXFrameworksBuildPhase section */
		69E3EB9B181B1FEA0059FF20 /* Frameworks */ = {
			isa = PBXFrameworksBuildPhase;
			buildActionMask = 2147483647;
			files = (
				69E3EBA4181B1FEA0059FF20 /* CoreGraphics.framework in Frameworks */,
				69E3EBA8181B1FEA0059FF20 /* CoreData.framework in Frameworks */,
				69E3EBA6181B1FEA0059FF20 /* UIKit.framework in Frameworks */,
				69E3EBA2181B1FEA0059FF20 /* Foundation.framework in Frameworks */,
			);
			runOnlyForDeploymentPostprocessing = 0;
		};
		69E3EBBB181B1FEA0059FF20 /* Frameworks */ = {
			isa = PBXFrameworksBuildPhase;
			buildActionMask = 2147483647;
			files = (
				69E3EBC0181B1FEA0059FF20 /* XCTest.framework in Frameworks */,
				69E3EBC3181B1FEA0059FF20 /* CoreData.framework in Frameworks */,
				69E3EBC2181B1FEA0059FF20 /* UIKit.framework in Frameworks */,
				69E3EBC1181B1FEA0059FF20 /* Foundation.framework in Frameworks */,
			);
			runOnlyForDeploymentPostprocessing = 0;
		};
/* End PBXFrameworksBuildPhase section */

/* Begin PBXGroup section */
		69E3EB95181B1FEA0059FF20 = {
			isa = PBXGroup;
			children = (
				69951744181B2B3D004108FB /* XYZEventItem.h */,
				69951745181B2B3D004108FB /* XYZEventItem.m */,
				69E3EBD6181B203E0059FF20 /* main.storyboard */,
				69951741181B28CA004108FB /* XYZAllEventsViewController.h */,
				69951742181B28CA004108FB /* XYZAllEventsViewController.m */,
				6995173E181B27E5004108FB /* XYZAddNewEventViewController.h */,
				6995173F181B27E5004108FB /* XYZAddNewEventViewController.m */,
				69E3EBA9181B1FEA0059FF20 /* MomentNotice */,
				69E3EBC6181B1FEA0059FF20 /* MomentNoticeTests */,
				69E3EBA0181B1FEA0059FF20 /* Frameworks */,
				69E3EB9F181B1FEA0059FF20 /* Products */,
			);
			sourceTree = "<group>";
		};
		69E3EB9F181B1FEA0059FF20 /* Products */ = {
			isa = PBXGroup;
			children = (
				69E3EB9E181B1FEA0059FF20 /* MomentNotice.app */,
				69E3EBBE181B1FEA0059FF20 /* MomentNoticeTests.xctest */,
			);
			name = Products;
			sourceTree = "<group>";
		};
		69E3EBA0181B1FEA0059FF20 /* Frameworks */ = {
			isa = PBXGroup;
			children = (
				69E3EBA1181B1FEA0059FF20 /* Foundation.framework */,
				69E3EBA3181B1FEA0059FF20 /* CoreGraphics.framework */,
				69E3EBA5181B1FEA0059FF20 /* UIKit.framework */,
				69E3EBA7181B1FEA0059FF20 /* CoreData.framework */,
				69E3EBBF181B1FEA0059FF20 /* XCTest.framework */,
			);
			name = Frameworks;
			sourceTree = "<group>";
		};
		69E3EBA9181B1FEA0059FF20 /* MomentNotice */ = {
			isa = PBXGroup;
			children = (
				69E3EBB2181B1FEA0059FF20 /* XYZAppDelegate.h */,
				69E3EBB3181B1FEA0059FF20 /* XYZAppDelegate.m */,
				69E3EBB8181B1FEA0059FF20 /* Images.xcassets */,
				69E3EBB5181B1FEA0059FF20 /* MomentNotice.xcdatamodeld */,
				69E3EBAA181B1FEA0059FF20 /* Supporting Files */,
			);
			path = MomentNotice;
			sourceTree = "<group>";
		};
		69E3EBAA181B1FEA0059FF20 /* Supporting Files */ = {
			isa = PBXGroup;
			children = (
				69E3EBAB181B1FEA0059FF20 /* MomentNotice-Info.plist */,
				69E3EBAC181B1FEA0059FF20 /* InfoPlist.strings */,
				69E3EBAF181B1FEA0059FF20 /* main.m */,
				69E3EBB1181B1FEA0059FF20 /* MomentNotice-Prefix.pch */,
			);
			name = "Supporting Files";
			sourceTree = "<group>";
		};
		69E3EBC6181B1FEA0059FF20 /* MomentNoticeTests */ = {
			isa = PBXGroup;
			children = (
				69E3EBCC181B1FEA0059FF20 /* MomentNoticeTests.m */,
				69E3EBC7181B1FEA0059FF20 /* Supporting Files */,
			);
			path = MomentNoticeTests;
			sourceTree = "<group>";
		};
		69E3EBC7181B1FEA0059FF20 /* Supporting Files */ = {
			isa = PBXGroup;
			children = (
				69E3EBC8181B1FEA0059FF20 /* MomentNoticeTests-Info.plist */,
				69E3EBC9181B1FEA0059FF20 /* InfoPlist.strings */,
			);
			name = "Supporting Files";
			sourceTree = "<group>";
		};
/* End PBXGroup section */

/* Begin PBXNativeTarget section */
		69E3EB9D181B1FEA0059FF20 /* MomentNotice */ = {
			isa = PBXNativeTarget;
			buildConfigurationList = 69E3EBD0181B1FEA0059FF20 /* Build configuration list for PBXNativeTarget "MomentNotice" */;
			buildPhases = (
				69E3EB9A181B1FEA0059FF20 /* Sources */,
				69E3EB9B181B1FEA0059FF20 /* Frameworks */,
				69E3EB9C181B1FEA0059FF20 /* Resources */,
			);
			buildRules = (
			);
			dependencies = (
			);
			name = MomentNotice;
			productName = MomentNotice;
			productReference = 69E3EB9E181B1FEA0059FF20 /* MomentNotice.app */;
			productType = "com.apple.product-type.application";
		};
		69E3EBBD181B1FEA0059FF20 /* MomentNoticeTests */ = {
			isa = PBXNativeTarget;
			buildConfigurationList = 69E3EBD3181B1FEA0059FF20 /* Build configuration list for PBXNativeTarget "MomentNoticeTests" */;
			buildPhases = (
				69E3EBBA181B1FEA0059FF20 /* Sources */,
				69E3EBBB181B1FEA0059FF20 /* Frameworks */,
				69E3EBBC181B1FEA0059FF20 /* Resources */,
			);
			buildRules = (
			);
			dependencies = (
				69E3EBC5181B1FEA0059FF20 /* PBXTargetDependency */,
			);
			name = MomentNoticeTests;
			productName = MomentNoticeTests;
			productReference = 69E3EBBE181B1FEA0059FF20 /* MomentNoticeTests.xctest */;
			productType = "com.apple.product-type.bundle.unit-test";
		};
/* End PBXNativeTarget section */

/* Begin PBXProject section */
		69E3EB96181B1FEA0059FF20 /* Project object */ = {
			isa = PBXProject;
			attributes = {
				CLASSPREFIX = XYZ;
				LastUpgradeCheck = 0500;
				ORGANIZATIONNAME = LiuLeon;
				TargetAttributes = {
					69E3EBBD181B1FEA0059FF20 = {
						TestTargetID = 69E3EB9D181B1FEA0059FF20;
					};
				};
			};
			buildConfigurationList = 69E3EB99181B1FEA0059FF20 /* Build configuration list for PBXProject "MomentNotice" */;
			compatibilityVersion = "Xcode 3.2";
			developmentRegion = English;
			hasScannedForEncodings = 0;
			knownRegions = (
				en,
			);
			mainGroup = 69E3EB95181B1FEA0059FF20;
			productRefGroup = 69E3EB9F181B1FEA0059FF20 /* Products */;
			projectDirPath = "";
			projectRoot = "";
			targets = (
				69E3EB9D181B1FEA0059FF20 /* MomentNotice */,
				69E3EBBD181B1FEA0059FF20 /* MomentNoticeTests */,
			);
		};
/* End PBXProject section */

/* Begin PBXResourcesBuildPhase section */
		69E3EB9C181B1FEA0059FF20 /* Resources */ = {
			isa = PBXResourcesBuildPhase;
			buildActionMask = 2147483647;
			files = (
				69E3EBAE181B1FEA0059FF20 /* InfoPlist.strings in Resources */,
				69E3EBD7181B203E0059FF20 /* main.storyboard in Resources */,
				69E3EBB9181B1FEA0059FF20 /* Images.xcassets in Resources */,
			);
			runOnlyForDeploymentPostprocessing = 0;
		};
		69E3EBBC181B1FEA0059FF20 /* Resources */ = {
			isa = PBXResourcesBuildPhase;
			buildActionMask = 2147483647;
			files = (
				69E3EBCB181B1FEA0059FF20 /* InfoPlist.strings in Resources */,
			);
			runOnlyForDeploymentPostprocessing = 0;
		};
/* End PBXResourcesBuildPhase section */

/* Begin PBXSourcesBuildPhase section */
		69E3EB9A181B1FEA0059FF20 /* Sources */ = {
			isa = PBXSourcesBuildPhase;
			buildActionMask = 2147483647;
			files = (
				69951740181B27E5004108FB /* XYZAddNewEventViewController.m in Sources */,
				69E3EBB4181B1FEA0059FF20 /* XYZAppDelegate.m in Sources */,
				69E3EBB0181B1FEA0059FF20 /* main.m in Sources */,
				69E3EBB7181B1FEA0059FF20 /* MomentNotice.xcdatamodeld in Sources */,
				69951743181B28CA004108FB /* XYZAllEventsViewController.m in Sources */,
				69951746181B2B3D004108FB /* XYZEventItem.m in Sources */,
			);
			runOnlyForDeploymentPostprocessing = 0;
		};
		69E3EBBA181B1FEA0059FF20 /* Sources */ = {
			isa = PBXSourcesBuildPhase;
			buildActionMask = 2147483647;
			files = (
				69E3EBCD181B1FEA0059FF20 /* MomentNoticeTests.m in Sources */,
			);
			runOnlyForDeploymentPostprocessing = 0;
		};
/* End PBXSourcesBuildPhase section */

/* Begin PBXTargetDependency section */
		69E3EBC5181B1FEA0059FF20 /* PBXTargetDependency */ = {
			isa = PBXTargetDependency;
			target = 69E3EB9D181B1FEA0059FF20 /* MomentNotice */;
			targetProxy = 69E3EBC4181B1FEA0059FF20 /* PBXContainerItemProxy */;
		};
/* End PBXTargetDependency section */

/* Begin PBXVariantGroup section */
		69E3EBAC181B1FEA0059FF20 /* InfoPlist.strings */ = {
			isa = PBXVariantGroup;
			children = (
				69E3EBAD181B1FEA0059FF20 /* en */,
			);
			name = InfoPlist.strings;
			sourceTree = "<group>";
		};
		69E3EBC9181B1FEA0059FF20 /* InfoPlist.strings */ = {
			isa = PBXVariantGroup;
			children = (
				69E3EBCA181B1FEA0059FF20 /* en */,
			);
			name = InfoPlist.strings;
			sourceTree = "<group>";
		};
/* End PBXVariantGroup section */

/* Begin XCBuildConfiguration section */
		69E3EBCE181B1FEA0059FF20 /* Debug */ = {
			isa = XCBuildConfiguration;
			buildSettings = {
				ALWAYS_SEARCH_USER_PATHS = NO;
				ARCHS = "$(ARCHS_STANDARD_INCLUDING_64_BIT)";
				CLANG_CXX_LANGUAGE_STANDARD = "gnu++0x";
				CLANG_CXX_LIBRARY = "libc++";
				CLANG_ENABLE_MODULES = YES;
				CLANG_ENABLE_OBJC_ARC = YES;
				CLANG_WARN_BOOL_CONVERSION = YES;
				CLANG_WARN_CONSTANT_CONVERSION = YES;
				CLANG_WARN_DIRECT_OBJC_ISA_USAGE = YES_ERROR;
				CLANG_WARN_EMPTY_BODY = YES;
				CLANG_WARN_ENUM_CONVERSION = YES;
				CLANG_WARN_INT_CONVERSION = YES;
				CLANG_WARN_OBJC_ROOT_CLASS = YES_ERROR;
				CLANG_WARN__DUPLICATE_METHOD_MATCH = YES;
				"CODE_SIGN_IDENTITY[sdk=iphoneos*]" = "iPhone Developer";
				COPY_PHASE_STRIP = NO;
				GCC_C_LANGUAGE_STANDARD = gnu99;
				GCC_DYNAMIC_NO_PIC = NO;
				GCC_OPTIMIZATION_LEVEL = 0;
				GCC_PREPROCESSOR_DEFINITIONS = (
					"DEBUG=1",
					"$(inherited)",
				);
				GCC_SYMBOLS_PRIVATE_EXTERN = NO;
				GCC_WARN_64_TO_32_BIT_CONVERSION = YES;
				GCC_WARN_ABOUT_RETURN_TYPE = YES_ERROR;
				GCC_WARN_UNDECLARED_SELECTOR = YES;
				GCC_WARN_UNINITIALIZED_AUTOS = YES;
				GCC_WARN_UNUSED_FUNCTION = YES;
				GCC_WARN_UNUSED_VARIABLE = YES;
				IPHONEOS_DEPLOYMENT_TARGET = 7.0;
				ONLY_ACTIVE_ARCH = YES;
				SDKROOT = iphoneos;
			};
			name = Debug;
		};
		69E3EBCF181B1FEA0059FF20 /* Release */ = {
			isa = XCBuildConfiguration;
			buildSettings = {
				ALWAYS_SEARCH_USER_PATHS = NO;
				ARCHS = "$(ARCHS_STANDARD_INCLUDING_64_BIT)";
				CLANG_CXX_LANGUAGE_STANDARD = "gnu++0x";
				CLANG_CXX_LIBRARY = "libc++";
				CLANG_ENABLE_MODULES = YES;
				CLANG_ENABLE_OBJC_ARC = YES;
				CLANG_WARN_BOOL_CONVERSION = YES;
				CLANG_WARN_CONSTANT_CONVERSION = YES;
				CLANG_WARN_DIRECT_OBJC_ISA_USAGE = YES_ERROR;
				CLANG_WARN_EMPTY_BODY = YES;
				CLANG_WARN_ENUM_CONVERSION = YES;
				CLANG_WARN_INT_CONVERSION = YES;
				CLANG_WARN_OBJC_ROOT_CLASS = YES_ERROR;
				CLANG_WARN__DUPLICATE_METHOD_MATCH = YES;
				"CODE_SIGN_IDENTITY[sdk=iphoneos*]" = "iPhone Developer";
				COPY_PHASE_STRIP = YES;
				ENABLE_NS_ASSERTIONS = NO;
				GCC_C_LANGUAGE_STANDARD = gnu99;
				GCC_WARN_64_TO_32_BIT_CONVERSION = YES;
				GCC_WARN_ABOUT_RETURN_TYPE = YES_ERROR;
				GCC_WARN_UNDECLARED_SELECTOR = YES;
				GCC_WARN_UNINITIALIZED_AUTOS = YES;
				GCC_WARN_UNUSED_FUNCTION = YES;
				GCC_WARN_UNUSED_VARIABLE = YES;
				IPHONEOS_DEPLOYMENT_TARGET = 7.0;
				SDKROOT = iphoneos;
				VALIDATE_PRODUCT = YES;
			};
			name = Release;
		};
		69E3EBD1181B1FEA0059FF20 /* Debug */ = {
			isa = XCBuildConfiguration;
			buildSettings = {
				ASSETCATALOG_COMPILER_APPICON_NAME = AppIcon;
				ASSETCATALOG_COMPILER_LAUNCHIMAGE_NAME = LaunchImage;
				GCC_PRECOMPILE_PREFIX_HEADER = YES;
				GCC_PREFIX_HEADER = "MomentNotice/MomentNotice-Prefix.pch";
				INFOPLIST_FILE = "MomentNotice/MomentNotice-Info.plist";
				IPHONEOS_DEPLOYMENT_TARGET = 6.0;
				PRODUCT_NAME = "$(TARGET_NAME)";
				WRAPPER_EXTENSION = app;
			};
			name = Debug;
		};
		69E3EBD2181B1FEA0059FF20 /* Release */ = {
			isa = XCBuildConfiguration;
			buildSettings = {
				ASSETCATALOG_COMPILER_APPICON_NAME = AppIcon;
				ASSETCATALOG_COMPILER_LAUNCHIMAGE_NAME = LaunchImage;
				GCC_PRECOMPILE_PREFIX_HEADER = YES;
				GCC_PREFIX_HEADER = "MomentNotice/MomentNotice-Prefix.pch";
				INFOPLIST_FILE = "MomentNotice/MomentNotice-Info.plist";
				IPHONEOS_DEPLOYMENT_TARGET = 6.0;
				PRODUCT_NAME = "$(TARGET_NAME)";
				WRAPPER_EXTENSION = app;
			};
			name = Release;
		};
		69E3EBD4181B1FEA0059FF20 /* Debug */ = {
			isa = XCBuildConfiguration;
			buildSettings = {
				ARCHS = "$(ARCHS_STANDARD_INCLUDING_64_BIT)";
				BUNDLE_LOADER = "$(BUILT_PRODUCTS_DIR)/MomentNotice.app/MomentNotice";
				FRAMEWORK_SEARCH_PATHS = (
					"$(SDKROOT)/Developer/Library/Frameworks",
					"$(inherited)",
					"$(DEVELOPER_FRAMEWORKS_DIR)",
				);
				GCC_PRECOMPILE_PREFIX_HEADER = YES;
				GCC_PREFIX_HEADER = "MomentNotice/MomentNotice-Prefix.pch";
				GCC_PREPROCESSOR_DEFINITIONS = (
					"DEBUG=1",
					"$(inherited)",
				);
				INFOPLIST_FILE = "MomentNoticeTests/MomentNoticeTests-Info.plist";
				PRODUCT_NAME = "$(TARGET_NAME)";
				TEST_HOST = "$(BUNDLE_LOADER)";
				WRAPPER_EXTENSION = xctest;
			};
			name = Debug;
		};
		69E3EBD5181B1FEA0059FF20 /* Release */ = {
			isa = XCBuildConfiguration;
			buildSettings = {
				ARCHS = "$(ARCHS_STANDARD_INCLUDING_64_BIT)";
				BUNDLE_LOADER = "$(BUILT_PRODUCTS_DIR)/MomentNotice.app/MomentNotice";
				FRAMEWORK_SEARCH_PATHS = (
					"$(SDKROOT)/Developer/Library/Frameworks",
					"$(inherited)",
					"$(DEVELOPER_FRAMEWORKS_DIR)",
				);
				GCC_PRECOMPILE_PREFIX_HEADER = YES;
				GCC_PREFIX_HEADER = "MomentNotice/MomentNotice-Prefix.pch";
				INFOPLIST_FILE = "MomentNoticeTests/MomentNoticeTests-Info.plist";
				PRODUCT_NAME = "$(TARGET_NAME)";
				TEST_HOST = "$(BUNDLE_LOADER)";
				WRAPPER_EXTENSION = xctest;
			};
			name = Release;
		};
/* End XCBuildConfiguration section */

/* Begin XCConfigurationList section */
		69E3EB99181B1FEA0059FF20 /* Build configuration list for PBXProject "MomentNotice" */ = {
			isa = XCConfigurationList;
			buildConfigurations = (
				69E3EBCE181B1FEA0059FF20 /* Debug */,
				69E3EBCF181B1FEA0059FF20 /* Release */,
			);
			defaultConfigurationIsVisible = 0;
			defaultConfigurationName = Release;
		};
		69E3EBD0181B1FEA0059FF20 /* Build configuration list for PBXNativeTarget "MomentNotice" */ = {
			isa = XCConfigurationList;
			buildConfigurations = (
				69E3EBD1181B1FEA0059FF20 /* Debug */,
				69E3EBD2181B1FEA0059FF20 /* Release */,
			);
			defaultConfigurationIsVisible = 0;
			defaultConfigurationName = Release;
		};
		69E3EBD3181B1FEA0059FF20 /* Build configuration list for PBXNativeTarget "MomentNoticeTests" */ = {
			isa = XCConfigurationList;
			buildConfigurations = (
				69E3EBD4181B1FEA0059FF20 /* Debug */,
				69E3EBD5181B1FEA0059FF20 /* Release */,
			);
			defaultConfigurationIsVisible = 0;
			defaultConfigurationName = Release;
		};
/* End XCConfigurationList section */

/* Begin XCVersionGroup section */
		69E3EBB5181B1FEA0059FF20 /* MomentNotice.xcdatamodeld */ = {
			isa = XCVersionGroup;
			children = (
				69E3EBB6181B1FEA0059FF20 /* MomentNotice.xcdatamodel */,
			);
			currentVersion = 69E3EBB6181B1FEA0059FF20 /* MomentNotice.xcdatamodel */;
			path = MomentNotice.xcdatamodeld;
			sourceTree = "<group>";
			versionGroupType = wrapper.xcdatamodel;
		};
/* End XCVersionGroup section */
	};
	rootObject = 69E3EB96181B1FEA0059FF20 /* Project object */;
}
