// !$*UTF8*$!
{
	archiveVersion = 1;
	classes = {
	};
	objectVersion = 46;
	objects = {

/* Begin PBXBuildFile section */
		690E7C6A1819B6D30084C132 /* Foundation.framework in Frameworks */ = {isa = PBXBuildFile; fileRef = 690E7C691819B6D30084C132 /* Foundation.framework */; };
		690E7C6C1819B6D30084C132 /* CoreGraphics.framework in Frameworks */ = {isa = PBXBuildFile; fileRef = 690E7C6B1819B6D30084C132 /* CoreGraphics.framework */; };
		690E7C6E1819B6D30084C132 /* UIKit.framework in Frameworks */ = {isa = PBXBuildFile; fileRef = 690E7C6D1819B6D30084C132 /* UIKit.framework */; };
		690E7C741819B6D30084C132 /* InfoPlist.strings in Resources */ = {isa = PBXBuildFile; fileRef = 690E7C721819B6D30084C132 /* InfoPlist.strings */; };
		690E7C761819B6D30084C132 /* main.m in Sources */ = {isa = PBXBuildFile; fileRef = 690E7C751819B6D30084C132 /* main.m */; };
		690E7C7A1819B6D30084C132 /* AppDelegate.m in Sources */ = {isa = PBXBuildFile; fileRef = 690E7C791819B6D30084C132 /* AppDelegate.m */; };
		690E7C7C1819B6D30084C132 /* Images.xcassets in Resources */ = {isa = PBXBuildFile; fileRef = 690E7C7B1819B6D30084C132 /* Images.xcassets */; };
		690E7C831819B6D30084C132 /* XCTest.framework in Frameworks */ = {isa = PBXBuildFile; fileRef = 690E7C821819B6D30084C132 /* XCTest.framework */; };
		690E7C841819B6D30084C132 /* Foundation.framework in Frameworks */ = {isa = PBXBuildFile; fileRef = 690E7C691819B6D30084C132 /* Foundation.framework */; };
		690E7C851819B6D30084C132 /* UIKit.framework in Frameworks */ = {isa = PBXBuildFile; fileRef = 690E7C6D1819B6D30084C132 /* UIKit.framework */; };
		690E7C8D1819B6D40084C132 /* InfoPlist.strings in Resources */ = {isa = PBXBuildFile; fileRef = 690E7C8B1819B6D40084C132 /* InfoPlist.strings */; };
		690E7C8F1819B6D40084C132 /* learn1Tests.m in Sources */ = {isa = PBXBuildFile; fileRef = 690E7C8E1819B6D40084C132 /* learn1Tests.m */; };
		690E7C991819C7530084C132 /* Main.storyboard in Resources */ = {isa = PBXBuildFile; fileRef = 690E7C981819C7530084C132 /* Main.storyboard */; };
		690E7CB1181A2E360084C132 /* AllEventTableViewController.m in Sources */ = {isa = PBXBuildFile; fileRef = 690E7CB0181A2E360084C132 /* AllEventTableViewController.m */; };
		690E7CB4181A2E890084C132 /* ToAddNewEventViewController.m in Sources */ = {isa = PBXBuildFile; fileRef = 690E7CB3181A2E890084C132 /* ToAddNewEventViewController.m */; };
/* End PBXBuildFile section */

/* Begin PBXContainerItemProxy section */
		690E7C861819B6D40084C132 /* PBXContainerItemProxy */ = {
			isa = PBXContainerItemProxy;
			containerPortal = 690E7C5E1819B6D30084C132 /* Project object */;
			proxyType = 1;
			remoteGlobalIDString = 690E7C651819B6D30084C132;
			remoteInfo = learn1;
		};
/* End PBXContainerItemProxy section */

/* Begin PBXFileReference section */
		690E7C661819B6D30084C132 /* learn1.app */ = {isa = PBXFileReference; explicitFileType = wrapper.application; includeInIndex = 0; path = learn1.app; sourceTree = BUILT_PRODUCTS_DIR; };
		690E7C691819B6D30084C132 /* Foundation.framework */ = {isa = PBXFileReference; lastKnownFileType = wrapper.framework; name = Foundation.framework; path = System/Library/Frameworks/Foundation.framework; sourceTree = SDKROOT; };
		690E7C6B1819B6D30084C132 /* CoreGraphics.framework */ = {isa = PBXFileReference; lastKnownFileType = wrapper.framework; name = CoreGraphics.framework; path = System/Library/Frameworks/CoreGraphics.framework; sourceTree = SDKROOT; };
		690E7C6D1819B6D30084C132 /* UIKit.framework */ = {isa = PBXFileReference; lastKnownFileType = wrapper.framework; name = UIKit.framework; path = System/Library/Frameworks/UIKit.framework; sourceTree = SDKROOT; };
		690E7C711819B6D30084C132 /* learn1-Info.plist */ = {isa = PBXFileReference; lastKnownFileType = text.plist.xml; path = "learn1-Info.plist"; sourceTree = "<group>"; };
		690E7C731819B6D30084C132 /* en */ = {isa = PBXFileReference; lastKnownFileType = text.plist.strings; name = en; path = en.lproj/InfoPlist.strings; sourceTree = "<group>"; };
		690E7C751819B6D30084C132 /* main.m */ = {isa = PBXFileReference; lastKnownFileType = sourcecode.c.objc; path = main.m; sourceTree = "<group>"; };
		690E7C771819B6D30084C132 /* learn1-Prefix.pch */ = {isa = PBXFileReference; lastKnownFileType = sourcecode.c.h; path = "learn1-Prefix.pch"; sourceTree = "<group>"; };
		690E7C781819B6D30084C132 /* AppDelegate.h */ = {isa = PBXFileReference; lastKnownFileType = sourcecode.c.h; path = AppDelegate.h; sourceTree = "<group>"; };
		690E7C791819B6D30084C132 /* AppDelegate.m */ = {isa = PBXFileReference; lastKnownFileType = sourcecode.c.objc; path = AppDelegate.m; sourceTree = "<group>"; };
		690E7C7B1819B6D30084C132 /* Images.xcassets */ = {isa = PBXFileReference; lastKnownFileType = folder.assetcatalog; path = Images.xcassets; sourceTree = "<group>"; };
		690E7C811819B6D30084C132 /* learn1Tests.xctest */ = {isa = PBXFileReference; explicitFileType = wrapper.cfbundle; includeInIndex = 0; path = learn1Tests.xctest; sourceTree = BUILT_PRODUCTS_DIR; };
		690E7C821819B6D30084C132 /* XCTest.framework */ = {isa = PBXFileReference; lastKnownFileType = wrapper.framework; name = XCTest.framework; path = Library/Frameworks/XCTest.framework; sourceTree = DEVELOPER_DIR; };
		690E7C8A1819B6D40084C132 /* learn1Tests-Info.plist */ = {isa = PBXFileReference; lastKnownFileType = text.plist.xml; path = "learn1Tests-Info.plist"; sourceTree = "<group>"; };
		690E7C8C1819B6D40084C132 /* en */ = {isa = PBXFileReference; lastKnownFileType = text.plist.strings; name = en; path = en.lproj/InfoPlist.strings; sourceTree = "<group>"; };
		690E7C8E1819B6D40084C132 /* learn1Tests.m */ = {isa = PBXFileReference; lastKnownFileType = sourcecode.c.objc; path = learn1Tests.m; sourceTree = "<group>"; };
		690E7C981819C7530084C132 /* Main.storyboard */ = {isa = PBXFileReference; fileEncoding = 4; lastKnownFileType = file.storyboard; path = Main.storyboard; sourceTree = "<group>"; };
		690E7CAF181A2E360084C132 /* AllEventTableViewController.h */ = {isa = PBXFileReference; fileEncoding = 4; lastKnownFileType = sourcecode.c.h; path = AllEventTableViewController.h; sourceTree = "<group>"; };
		690E7CB0181A2E360084C132 /* AllEventTableViewController.m */ = {isa = PBXFileReference; fileEncoding = 4; lastKnownFileType = sourcecode.c.objc; path = AllEventTableViewController.m; sourceTree = "<group>"; };
		690E7CB2181A2E890084C132 /* ToAddNewEventViewController.h */ = {isa = PBXFileReference; fileEncoding = 4; lastKnownFileType = sourcecode.c.h; name = ToAddNewEventViewController.h; path = ../ToAddNewEventViewController.h; sourceTree = "<group>"; };
		690E7CB3181A2E890084C132 /* ToAddNewEventViewController.m */ = {isa = PBXFileReference; fileEncoding = 4; lastKnownFileType = sourcecode.c.objc; name = ToAddNewEventViewController.m; path = ../ToAddNewEventViewController.m; sourceTree = "<group>"; };
/* End PBXFileReference section */

/* Begin PBXFrameworksBuildPhase section */
		690E7C631819B6D30084C132 /* Frameworks */ = {
			isa = PBXFrameworksBuildPhase;
			buildActionMask = 2147483647;
			files = (
				690E7C6C1819B6D30084C132 /* CoreGraphics.framework in Frameworks */,
				690E7C6E1819B6D30084C132 /* UIKit.framework in Frameworks */,
				690E7C6A1819B6D30084C132 /* Foundation.framework in Frameworks */,
			);
			runOnlyForDeploymentPostprocessing = 0;
		};
		690E7C7E1819B6D30084C132 /* Frameworks */ = {
			isa = PBXFrameworksBuildPhase;
			buildActionMask = 2147483647;
			files = (
				690E7C831819B6D30084C132 /* XCTest.framework in Frameworks */,
				690E7C851819B6D30084C132 /* UIKit.framework in Frameworks */,
				690E7C841819B6D30084C132 /* Foundation.framework in Frameworks */,
			);
			runOnlyForDeploymentPostprocessing = 0;
		};
/* End PBXFrameworksBuildPhase section */

/* Begin PBXGroup section */
		690E7C5D1819B6D30084C132 = {
			isa = PBXGroup;
			children = (
				690E7C6F1819B6D30084C132 /* learn1 */,
				690E7C881819B6D40084C132 /* learn1Tests */,
				690E7C681819B6D30084C132 /* Frameworks */,
				690E7C671819B6D30084C132 /* Products */,
			);
			sourceTree = "<group>";
		};
		690E7C671819B6D30084C132 /* Products */ = {
			isa = PBXGroup;
			children = (
				690E7C661819B6D30084C132 /* learn1.app */,
				690E7C811819B6D30084C132 /* learn1Tests.xctest */,
			);
			name = Products;
			sourceTree = "<group>";
		};
		690E7C681819B6D30084C132 /* Frameworks */ = {
			isa = PBXGroup;
			children = (
				690E7C691819B6D30084C132 /* Foundation.framework */,
				690E7C6B1819B6D30084C132 /* CoreGraphics.framework */,
				690E7C6D1819B6D30084C132 /* UIKit.framework */,
				690E7C821819B6D30084C132 /* XCTest.framework */,
			);
			name = Frameworks;
			sourceTree = "<group>";
		};
		690E7C6F1819B6D30084C132 /* learn1 */ = {
			isa = PBXGroup;
			children = (
				690E7CB2181A2E890084C132 /* ToAddNewEventViewController.h */,
				690E7CB3181A2E890084C132 /* ToAddNewEventViewController.m */,
				690E7CAF181A2E360084C132 /* AllEventTableViewController.h */,
				690E7CB0181A2E360084C132 /* AllEventTableViewController.m */,
				690E7C781819B6D30084C132 /* AppDelegate.h */,
				690E7C791819B6D30084C132 /* AppDelegate.m */,
				690E7C981819C7530084C132 /* Main.storyboard */,
				690E7C7B1819B6D30084C132 /* Images.xcassets */,
				690E7C701819B6D30084C132 /* Supporting Files */,
			);
			path = learn1;
			sourceTree = "<group>";
		};
		690E7C701819B6D30084C132 /* Supporting Files */ = {
			isa = PBXGroup;
			children = (
				690E7C711819B6D30084C132 /* learn1-Info.plist */,
				690E7C721819B6D30084C132 /* InfoPlist.strings */,
				690E7C751819B6D30084C132 /* main.m */,
				690E7C771819B6D30084C132 /* learn1-Prefix.pch */,
			);
			name = "Supporting Files";
			sourceTree = "<group>";
		};
		690E7C881819B6D40084C132 /* learn1Tests */ = {
			isa = PBXGroup;
			children = (
				690E7C8E1819B6D40084C132 /* learn1Tests.m */,
				690E7C891819B6D40084C132 /* Supporting Files */,
			);
			path = learn1Tests;
			sourceTree = "<group>";
		};
		690E7C891819B6D40084C132 /* Supporting Files */ = {
			isa = PBXGroup;
			children = (
				690E7C8A1819B6D40084C132 /* learn1Tests-Info.plist */,
				690E7C8B1819B6D40084C132 /* InfoPlist.strings */,
			);
			name = "Supporting Files";
			sourceTree = "<group>";
		};
/* End PBXGroup section */

/* Begin PBXNativeTarget section */
		690E7C651819B6D30084C132 /* learn1 */ = {
			isa = PBXNativeTarget;
			buildConfigurationList = 690E7C921819B6D40084C132 /* Build configuration list for PBXNativeTarget "learn1" */;
			buildPhases = (
				690E7C621819B6D30084C132 /* Sources */,
				690E7C631819B6D30084C132 /* Frameworks */,
				690E7C641819B6D30084C132 /* Resources */,
			);
			buildRules = (
			);
			dependencies = (
			);
			name = learn1;
			productName = learn1;
			productReference = 690E7C661819B6D30084C132 /* learn1.app */;
			productType = "com.apple.product-type.application";
		};
		690E7C801819B6D30084C132 /* learn1Tests */ = {
			isa = PBXNativeTarget;
			buildConfigurationList = 690E7C951819B6D40084C132 /* Build configuration list for PBXNativeTarget "learn1Tests" */;
			buildPhases = (
				690E7C7D1819B6D30084C132 /* Sources */,
				690E7C7E1819B6D30084C132 /* Frameworks */,
				690E7C7F1819B6D30084C132 /* Resources */,
			);
			buildRules = (
			);
			dependencies = (
				690E7C871819B6D40084C132 /* PBXTargetDependency */,
			);
			name = learn1Tests;
			productName = learn1Tests;
			productReference = 690E7C811819B6D30084C132 /* learn1Tests.xctest */;
			productType = "com.apple.product-type.bundle.unit-test";
		};
/* End PBXNativeTarget section */

/* Begin PBXProject section */
		690E7C5E1819B6D30084C132 /* Project object */ = {
			isa = PBXProject;
			attributes = {
				LastUpgradeCheck = 0500;
				ORGANIZATIONNAME = LiuLeon;
				TargetAttributes = {
					690E7C801819B6D30084C132 = {
						TestTargetID = 690E7C651819B6D30084C132;
					};
				};
			};
			buildConfigurationList = 690E7C611819B6D30084C132 /* Build configuration list for PBXProject "learn1" */;
			compatibilityVersion = "Xcode 3.2";
			developmentRegion = English;
			hasScannedForEncodings = 0;
			knownRegions = (
				en,
			);
			mainGroup = 690E7C5D1819B6D30084C132;
			productRefGroup = 690E7C671819B6D30084C132 /* Products */;
			projectDirPath = "";
			projectRoot = "";
			targets = (
				690E7C651819B6D30084C132 /* learn1 */,
				690E7C801819B6D30084C132 /* learn1Tests */,
			);
		};
/* End PBXProject section */

/* Begin PBXResourcesBuildPhase section */
		690E7C641819B6D30084C132 /* Resources */ = {
			isa = PBXResourcesBuildPhase;
			buildActionMask = 2147483647;
			files = (
				690E7C991819C7530084C132 /* Main.storyboard in Resources */,
				690E7C741819B6D30084C132 /* InfoPlist.strings in Resources */,
				690E7C7C1819B6D30084C132 /* Images.xcassets in Resources */,
			);
			runOnlyForDeploymentPostprocessing = 0;
		};
		690E7C7F1819B6D30084C132 /* Resources */ = {
			isa = PBXResourcesBuildPhase;
			buildActionMask = 2147483647;
			files = (
				690E7C8D1819B6D40084C132 /* InfoPlist.strings in Resources */,
			);
			runOnlyForDeploymentPostprocessing = 0;
		};
/* End PBXResourcesBuildPhase section */

/* Begin PBXSourcesBuildPhase section */
		690E7C621819B6D30084C132 /* Sources */ = {
			isa = PBXSourcesBuildPhase;
			buildActionMask = 2147483647;
			files = (
				690E7C7A1819B6D30084C132 /* AppDelegate.m in Sources */,
				690E7C761819B6D30084C132 /* main.m in Sources */,
				690E7CB1181A2E360084C132 /* AllEventTableViewController.m in Sources */,
				690E7CB4181A2E890084C132 /* ToAddNewEventViewController.m in Sources */,
			);
			runOnlyForDeploymentPostprocessing = 0;
		};
		690E7C7D1819B6D30084C132 /* Sources */ = {
			isa = PBXSourcesBuildPhase;
			buildActionMask = 2147483647;
			files = (
				690E7C8F1819B6D40084C132 /* learn1Tests.m in Sources */,
			);
			runOnlyForDeploymentPostprocessing = 0;
		};
/* End PBXSourcesBuildPhase section */

/* Begin PBXTargetDependency section */
		690E7C871819B6D40084C132 /* PBXTargetDependency */ = {
			isa = PBXTargetDependency;
			target = 690E7C651819B6D30084C132 /* learn1 */;
			targetProxy = 690E7C861819B6D40084C132 /* PBXContainerItemProxy */;
		};
/* End PBXTargetDependency section */

/* Begin PBXVariantGroup section */
		690E7C721819B6D30084C132 /* InfoPlist.strings */ = {
			isa = PBXVariantGroup;
			children = (
				690E7C731819B6D30084C132 /* en */,
			);
			name = InfoPlist.strings;
			sourceTree = "<group>";
		};
		690E7C8B1819B6D40084C132 /* InfoPlist.strings */ = {
			isa = PBXVariantGroup;
			children = (
				690E7C8C1819B6D40084C132 /* en */,
			);
			name = InfoPlist.strings;
			sourceTree = "<group>";
		};
/* End PBXVariantGroup section */

/* Begin XCBuildConfiguration section */
		690E7C901819B6D40084C132 /* Debug */ = {
			isa = XCBuildConfiguration;
			buildSettings = {
				ALWAYS_SEARCH_USER_PATHS = NO;
				ARCHS = "$(ARCHS_STANDARD_INCLUDING_64_BIT)";
				CLANG_CXX_LANGUAGE_STANDARD = "gnu++0x";
				CLANG_CXX_LIBRARY = "libc++";
				CLANG_ENABLE_MODULES = YES;
				CLANG_ENABLE_OBJC_ARC = YES;
				CLANG_WARN_BOOL_CONVERSION = YES;
				CLANG_WARN_CONSTANT_CONVERSION = YES;
				CLANG_WARN_DIRECT_OBJC_ISA_USAGE = YES_ERROR;
				CLANG_WARN_EMPTY_BODY = YES;
				CLANG_WARN_ENUM_CONVERSION = YES;
				CLANG_WARN_INT_CONVERSION = YES;
				CLANG_WARN_OBJC_ROOT_CLASS = YES_ERROR;
				CLANG_WARN__DUPLICATE_METHOD_MATCH = YES;
				"CODE_SIGN_IDENTITY[sdk=iphoneos*]" = "iPhone Developer";
				COPY_PHASE_STRIP = NO;
				GCC_C_LANGUAGE_STANDARD = gnu99;
				GCC_DYNAMIC_NO_PIC = NO;
				GCC_OPTIMIZATION_LEVEL = 0;
				GCC_PREPROCESSOR_DEFINITIONS = (
					"DEBUG=1",
					"$(inherited)",
				);
				GCC_SYMBOLS_PRIVATE_EXTERN = NO;
				GCC_WARN_64_TO_32_BIT_CONVERSION = YES;
				GCC_WARN_ABOUT_RETURN_TYPE = YES_ERROR;
				GCC_WARN_UNDECLARED_SELECTOR = YES;
				GCC_WARN_UNINITIALIZED_AUTOS = YES;
				GCC_WARN_UNUSED_FUNCTION = YES;
				GCC_WARN_UNUSED_VARIABLE = YES;
				IPHONEOS_DEPLOYMENT_TARGET = 7.0;
				ONLY_ACTIVE_ARCH = YES;
				SDKROOT = iphoneos;
			};
			name = Debug;
		};
		690E7C911819B6D40084C132 /* Release */ = {
			isa = XCBuildConfiguration;
			buildSettings = {
				ALWAYS_SEARCH_USER_PATHS = NO;
				ARCHS = "$(ARCHS_STANDARD_INCLUDING_64_BIT)";
				CLANG_CXX_LANGUAGE_STANDARD = "gnu++0x";
				CLANG_CXX_LIBRARY = "libc++";
				CLANG_ENABLE_MODULES = YES;
				CLANG_ENABLE_OBJC_ARC = YES;
				CLANG_WARN_BOOL_CONVERSION = YES;
				CLANG_WARN_CONSTANT_CONVERSION = YES;
				CLANG_WARN_DIRECT_OBJC_ISA_USAGE = YES_ERROR;
				CLANG_WARN_EMPTY_BODY = YES;
				CLANG_WARN_ENUM_CONVERSION = YES;
				CLANG_WARN_INT_CONVERSION = YES;
				CLANG_WARN_OBJC_ROOT_CLASS = YES_ERROR;
				CLANG_WARN__DUPLICATE_METHOD_MATCH = YES;
				"CODE_SIGN_IDENTITY[sdk=iphoneos*]" = "iPhone Developer";
				COPY_PHASE_STRIP = YES;
				ENABLE_NS_ASSERTIONS = NO;
				GCC_C_LANGUAGE_STANDARD = gnu99;
				GCC_WARN_64_TO_32_BIT_CONVERSION = YES;
				GCC_WARN_ABOUT_RETURN_TYPE = YES_ERROR;
				GCC_WARN_UNDECLARED_SELECTOR = YES;
				GCC_WARN_UNINITIALIZED_AUTOS = YES;
				GCC_WARN_UNUSED_FUNCTION = YES;
				GCC_WARN_UNUSED_VARIABLE = YES;
				IPHONEOS_DEPLOYMENT_TARGET = 7.0;
				SDKROOT = iphoneos;
				VALIDATE_PRODUCT = YES;
			};
			name = Release;
		};
		690E7C931819B6D40084C132 /* Debug */ = {
			isa = XCBuildConfiguration;
			buildSettings = {
				ASSETCATALOG_COMPILER_APPICON_NAME = AppIcon;
				ASSETCATALOG_COMPILER_LAUNCHIMAGE_NAME = LaunchImage;
				CODE_SIGN_IDENTITY = "iPhone Developer";
				GCC_PRECOMPILE_PREFIX_HEADER = YES;
				GCC_PREFIX_HEADER = "learn1/learn1-Prefix.pch";
				INFOPLIST_FILE = "learn1/learn1-Info.plist";
				IPHONEOS_DEPLOYMENT_TARGET = 6.0;
				PRODUCT_NAME = "$(TARGET_NAME)";
				WRAPPER_EXTENSION = app;
			};
			name = Debug;
		};
		690E7C941819B6D40084C132 /* Release */ = {
			isa = XCBuildConfiguration;
			buildSettings = {
				ASSETCATALOG_COMPILER_APPICON_NAME = AppIcon;
				ASSETCATALOG_COMPILER_LAUNCHIMAGE_NAME = LaunchImage;
				CODE_SIGN_IDENTITY = "iPhone Developer";
				GCC_PRECOMPILE_PREFIX_HEADER = YES;
				GCC_PREFIX_HEADER = "learn1/learn1-Prefix.pch";
				INFOPLIST_FILE = "learn1/learn1-Info.plist";
				IPHONEOS_DEPLOYMENT_TARGET = 6.0;
				PRODUCT_NAME = "$(TARGET_NAME)";
				WRAPPER_EXTENSION = app;
			};
			name = Release;
		};
		690E7C961819B6D40084C132 /* Debug */ = {
			isa = XCBuildConfiguration;
			buildSettings = {
				ARCHS = "$(ARCHS_STANDARD_INCLUDING_64_BIT)";
				BUNDLE_LOADER = "$(BUILT_PRODUCTS_DIR)/learn1.app/learn1";
				FRAMEWORK_SEARCH_PATHS = (
					"$(SDKROOT)/Developer/Library/Frameworks",
					"$(inherited)",
					"$(DEVELOPER_FRAMEWORKS_DIR)",
				);
				GCC_PRECOMPILE_PREFIX_HEADER = YES;
				GCC_PREFIX_HEADER = "learn1/learn1-Prefix.pch";
				GCC_PREPROCESSOR_DEFINITIONS = (
					"DEBUG=1",
					"$(inherited)",
				);
				INFOPLIST_FILE = "learn1Tests/learn1Tests-Info.plist";
				PRODUCT_NAME = "$(TARGET_NAME)";
				TEST_HOST = "$(BUNDLE_LOADER)";
				WRAPPER_EXTENSION = xctest;
			};
			name = Debug;
		};
		690E7C971819B6D40084C132 /* Release */ = {
			isa = XCBuildConfiguration;
			buildSettings = {
				ARCHS = "$(ARCHS_STANDARD_INCLUDING_64_BIT)";
				BUNDLE_LOADER = "$(BUILT_PRODUCTS_DIR)/learn1.app/learn1";
				FRAMEWORK_SEARCH_PATHS = (
					"$(SDKROOT)/Developer/Library/Frameworks",
					"$(inherited)",
					"$(DEVELOPER_FRAMEWORKS_DIR)",
				);
				GCC_PRECOMPILE_PREFIX_HEADER = YES;
				GCC_PREFIX_HEADER = "learn1/learn1-Prefix.pch";
				INFOPLIST_FILE = "learn1Tests/learn1Tests-Info.plist";
				PRODUCT_NAME = "$(TARGET_NAME)";
				TEST_HOST = "$(BUNDLE_LOADER)";
				WRAPPER_EXTENSION = xctest;
			};
			name = Release;
		};
/* End XCBuildConfiguration section */

/* Begin XCConfigurationList section */
		690E7C611819B6D30084C132 /* Build configuration list for PBXProject "learn1" */ = {
			isa = XCConfigurationList;
			buildConfigurations = (
				690E7C901819B6D40084C132 /* Debug */,
				690E7C911819B6D40084C132 /* Release */,
			);
			defaultConfigurationIsVisible = 0;
			defaultConfigurationName = Release;
		};
		690E7C921819B6D40084C132 /* Build configuration list for PBXNativeTarget "learn1" */ = {
			isa = XCConfigurationList;
			buildConfigurations = (
				690E7C931819B6D40084C132 /* Debug */,
				690E7C941819B6D40084C132 /* Release */,
			);
			defaultConfigurationIsVisible = 0;
		};
		690E7C951819B6D40084C132 /* Build configuration list for PBXNativeTarget "learn1Tests" */ = {
			isa = XCConfigurationList;
			buildConfigurations = (
				690E7C961819B6D40084C132 /* Debug */,
				690E7C971819B6D40084C132 /* Release */,
			);
			defaultConfigurationIsVisible = 0;
		};
/* End XCConfigurationList section */
	};
	rootObject = 690E7C5E1819B6D30084C132 /* Project object */;
}
